
Microsoft Visual Studio Solution File, Format Version 12.00
Project("{2150E333-8FDC-42A3-9474-1A3956D46DE8}") = "API", "API", "{33855D74-2C02-43A9-9FC1-EB4556807B5F}"
EndProject
Project("{2150E333-8FDC-42A3-9474-1A3956D46DE8}") = "Modules", "Modules", "{808D3943-1F88-45D0-BA31-6299C9E9724B}"
EndProject
Project("{2150E333-8FDC-42A3-9474-1A3956D46DE8}") = "Shared", "Shared", "{D43BCD49-F729-44F2-B748-D9A4013C17D6}"
EndProject
Project("{2150E333-8FDC-42A3-9474-1A3956D46DE8}") = "Tests", "Tests", "{95B26FBF-5AEB-43D9-8B2C-4B5E72183288}"
EndProject
Project("{2150E333-8FDC-42A3-9474-1A3956D46DE8}") = "Tests", "Tests", "{34D896DE-0864-441B-B258-595139AAC15B}"
EndProject
Project("{FAE04EC0-301F-11D3-BF4B-00C04F79EFBC}") = "ChangeMe.Shared.Domain", "Shared\Domain\ChangeMe.Shared.Domain.csproj", "{4FD84311-AE8F-4977-B360-1F54A1EBB256}"
EndProject
Project("{2150E333-8FDC-42A3-9474-1A3956D46DE8}") = "Events", "Events", "{3A53337B-FAD1-45D0-BB9F-E0840BE6E1A8}"
EndProject
Project("{2150E333-8FDC-42A3-9474-1A3956D46DE8}") = "Tests", "Tests", "{8CA123DC-D06B-4296-96F0-004CE93CEFA1}"
EndProject
Project("{FAE04EC0-301F-11D3-BF4B-00C04F79EFBC}") = "ChangeMe.Modules.Events.Domain", "Modules\Events\Domain\ChangeMe.Modules.Events.Domain.csproj", "{CA0CB95F-1715-42D1-B34A-055B6758C580}"
EndProject
Project("{FAE04EC0-301F-11D3-BF4B-00C04F79EFBC}") = "ChangeMe.Shared.Extensions", "Shared\Extensions\ChangeMe.Shared.Extensions.csproj", "{BD2D0F28-EC52-44E8-A0D5-8D863CDEAC80}"
EndProject
Project("{FAE04EC0-301F-11D3-BF4B-00C04F79EFBC}") = "ChangeMe.Modules.Events.ArchTests", "Modules\Events\Tests\ArchTests\ChangeMe.Modules.Events.ArchTests.csproj", "{EAECFD9E-60CE-4BB3-AB26-ED245E5EC3B3}"
EndProject
Project("{FAE04EC0-301F-11D3-BF4B-00C04F79EFBC}") = "ChangeMe.API", "API\ChangeMe.API\ChangeMe.API.csproj", "{B76BABFF-2B54-4E13-9E94-C277BC9077DF}"
EndProject
Project("{FAE04EC0-301F-11D3-BF4B-00C04F79EFBC}") = "ChangeMe.Modules.Events.Application", "Modules\Events\Application\ChangeMe.Modules.Events.Application.csproj", "{EA40B8F2-2BE2-4CFF-B3CA-34D93837A145}"
EndProject
Project("{FAE04EC0-301F-11D3-BF4B-00C04F79EFBC}") = "ChangeMe.Modules.Events.Infrastructure", "Modules\Events\Infrastructure\ChangeMe.Modules.Events.Infrastructure.csproj", "{A6A70FB4-E8D5-4D61-AB89-2EFD05FDF967}"
EndProject
Project("{FAE04EC0-301F-11D3-BF4B-00C04F79EFBC}") = "ChangeMe.Modules.Events.IntegrationEvents", "Modules\Events\IntegrationEvents\ChangeMe.Modules.Events.IntegrationEvents.csproj", "{449C5E76-F183-46DF-8369-0712785B47ED}"
EndProject
Project("{FAE04EC0-301F-11D3-BF4B-00C04F79EFBC}") = "ChangeMe.Shared.Application", "Shared\Application\ChangeMe.Shared.Application.csproj", "{C1E92141-39F7-4383-94D7-A4941F8FF166}"
EndProject
Project("{FAE04EC0-301F-11D3-BF4B-00C04F79EFBC}") = "ChangeMe.Shared.Infrastructure", "Shared\Infrastructure\ChangeMe.Shared.Infrastructure.csproj", "{75300A3D-4B82-4D5A-9BF3-ADC17CB2B306}"
EndProject
Project("{FAE04EC0-301F-11D3-BF4B-00C04F79EFBC}") = "ChangeMe.Shared.EventBus", "Shared\EventBus\ChangeMe.Shared.EventBus.csproj", "{52AEF89C-52D8-41D4-9A33-14868E4C7D2A}"
EndProject
Project("{FAE04EC0-301F-11D3-BF4B-00C04F79EFBC}") = "ChangeMe.Shared.Application.UnitTests", "Shared\Tests\Application.UnitTests\ChangeMe.Shared.Application.UnitTests.csproj", "{B2109A9A-334A-4BD6-8957-A0EE857C508B}"
EndProject
Project("{FAE04EC0-301F-11D3-BF4B-00C04F79EFBC}") = "ChangeMe.ArchTests", "Tests\ArchTests\ChangeMe.ArchTests.csproj", "{A34CE975-43FA-4563-B31B-B9B4D3BA497B}"
EndProject
Global
	GlobalSection(SolutionConfigurationPlatforms) = preSolution
		Debug|Any CPU = Debug|Any CPU
		Release|Any CPU = Release|Any CPU
	EndGlobalSection
	GlobalSection(NestedProjects) = preSolution
		{34D896DE-0864-441B-B258-595139AAC15B} = {D43BCD49-F729-44F2-B748-D9A4013C17D6}
		{4FD84311-AE8F-4977-B360-1F54A1EBB256} = {D43BCD49-F729-44F2-B748-D9A4013C17D6}
		{3A53337B-FAD1-45D0-BB9F-E0840BE6E1A8} = {808D3943-1F88-45D0-BA31-6299C9E9724B}
		{8CA123DC-D06B-4296-96F0-004CE93CEFA1} = {3A53337B-FAD1-45D0-BB9F-E0840BE6E1A8}
		{CA0CB95F-1715-42D1-B34A-055B6758C580} = {3A53337B-FAD1-45D0-BB9F-E0840BE6E1A8}
		{BD2D0F28-EC52-44E8-A0D5-8D863CDEAC80} = {D43BCD49-F729-44F2-B748-D9A4013C17D6}
		{EAECFD9E-60CE-4BB3-AB26-ED245E5EC3B3} = {8CA123DC-D06B-4296-96F0-004CE93CEFA1}
		{B76BABFF-2B54-4E13-9E94-C277BC9077DF} = {33855D74-2C02-43A9-9FC1-EB4556807B5F}
		{EA40B8F2-2BE2-4CFF-B3CA-34D93837A145} = {3A53337B-FAD1-45D0-BB9F-E0840BE6E1A8}
		{A6A70FB4-E8D5-4D61-AB89-2EFD05FDF967} = {3A53337B-FAD1-45D0-BB9F-E0840BE6E1A8}
		{449C5E76-F183-46DF-8369-0712785B47ED} = {3A53337B-FAD1-45D0-BB9F-E0840BE6E1A8}
		{C1E92141-39F7-4383-94D7-A4941F8FF166} = {D43BCD49-F729-44F2-B748-D9A4013C17D6}
		{75300A3D-4B82-4D5A-9BF3-ADC17CB2B306} = {D43BCD49-F729-44F2-B748-D9A4013C17D6}
		{52AEF89C-52D8-41D4-9A33-14868E4C7D2A} = {D43BCD49-F729-44F2-B748-D9A4013C17D6}
		{B2109A9A-334A-4BD6-8957-A0EE857C508B} = {34D896DE-0864-441B-B258-595139AAC15B}
		{A34CE975-43FA-4563-B31B-B9B4D3BA497B} = {95B26FBF-5AEB-43D9-8B2C-4B5E72183288}
	EndGlobalSection
	GlobalSection(ProjectConfigurationPlatforms) = postSolution
		{4FD84311-AE8F-4977-B360-1F54A1EBB256}.Debug|Any CPU.ActiveCfg = Debug|Any CPU
		{4FD84311-AE8F-4977-B360-1F54A1EBB256}.Debug|Any CPU.Build.0 = Debug|Any CPU
		{4FD84311-AE8F-4977-B360-1F54A1EBB256}.Release|Any CPU.ActiveCfg = Release|Any CPU
		{4FD84311-AE8F-4977-B360-1F54A1EBB256}.Release|Any CPU.Build.0 = Release|Any CPU
		{CA0CB95F-1715-42D1-B34A-055B6758C580}.Debug|Any CPU.ActiveCfg = Debug|Any CPU
		{CA0CB95F-1715-42D1-B34A-055B6758C580}.Debug|Any CPU.Build.0 = Debug|Any CPU
		{CA0CB95F-1715-42D1-B34A-055B6758C580}.Release|Any CPU.ActiveCfg = Release|Any CPU
		{CA0CB95F-1715-42D1-B34A-055B6758C580}.Release|Any CPU.Build.0 = Release|Any CPU
		{BD2D0F28-EC52-44E8-A0D5-8D863CDEAC80}.Debug|Any CPU.ActiveCfg = Debug|Any CPU
		{BD2D0F28-EC52-44E8-A0D5-8D863CDEAC80}.Debug|Any CPU.Build.0 = Debug|Any CPU
		{BD2D0F28-EC52-44E8-A0D5-8D863CDEAC80}.Release|Any CPU.ActiveCfg = Release|Any CPU
		{BD2D0F28-EC52-44E8-A0D5-8D863CDEAC80}.Release|Any CPU.Build.0 = Release|Any CPU
		{EAECFD9E-60CE-4BB3-AB26-ED245E5EC3B3}.Debug|Any CPU.ActiveCfg = Debug|Any CPU
		{EAECFD9E-60CE-4BB3-AB26-ED245E5EC3B3}.Debug|Any CPU.Build.0 = Debug|Any CPU
		{EAECFD9E-60CE-4BB3-AB26-ED245E5EC3B3}.Release|Any CPU.ActiveCfg = Release|Any CPU
		{EAECFD9E-60CE-4BB3-AB26-ED245E5EC3B3}.Release|Any CPU.Build.0 = Release|Any CPU
		{B76BABFF-2B54-4E13-9E94-C277BC9077DF}.Debug|Any CPU.ActiveCfg = Debug|Any CPU
		{B76BABFF-2B54-4E13-9E94-C277BC9077DF}.Debug|Any CPU.Build.0 = Debug|Any CPU
		{B76BABFF-2B54-4E13-9E94-C277BC9077DF}.Release|Any CPU.ActiveCfg = Release|Any CPU
		{B76BABFF-2B54-4E13-9E94-C277BC9077DF}.Release|Any CPU.Build.0 = Release|Any CPU
		{EA40B8F2-2BE2-4CFF-B3CA-34D93837A145}.Debug|Any CPU.ActiveCfg = Debug|Any CPU
		{EA40B8F2-2BE2-4CFF-B3CA-34D93837A145}.Debug|Any CPU.Build.0 = Debug|Any CPU
		{EA40B8F2-2BE2-4CFF-B3CA-34D93837A145}.Release|Any CPU.ActiveCfg = Release|Any CPU
		{EA40B8F2-2BE2-4CFF-B3CA-34D93837A145}.Release|Any CPU.Build.0 = Release|Any CPU
		{A6A70FB4-E8D5-4D61-AB89-2EFD05FDF967}.Debug|Any CPU.ActiveCfg = Debug|Any CPU
		{A6A70FB4-E8D5-4D61-AB89-2EFD05FDF967}.Debug|Any CPU.Build.0 = Debug|Any CPU
		{A6A70FB4-E8D5-4D61-AB89-2EFD05FDF967}.Release|Any CPU.ActiveCfg = Release|Any CPU
		{A6A70FB4-E8D5-4D61-AB89-2EFD05FDF967}.Release|Any CPU.Build.0 = Release|Any CPU
		{449C5E76-F183-46DF-8369-0712785B47ED}.Debug|Any CPU.ActiveCfg = Debug|Any CPU
		{449C5E76-F183-46DF-8369-0712785B47ED}.Debug|Any CPU.Build.0 = Debug|Any CPU
		{449C5E76-F183-46DF-8369-0712785B47ED}.Release|Any CPU.ActiveCfg = Release|Any CPU
		{449C5E76-F183-46DF-8369-0712785B47ED}.Release|Any CPU.Build.0 = Release|Any CPU
		{C1E92141-39F7-4383-94D7-A4941F8FF166}.Debug|Any CPU.ActiveCfg = Debug|Any CPU
		{C1E92141-39F7-4383-94D7-A4941F8FF166}.Debug|Any CPU.Build.0 = Debug|Any CPU
		{C1E92141-39F7-4383-94D7-A4941F8FF166}.Release|Any CPU.ActiveCfg = Release|Any CPU
		{C1E92141-39F7-4383-94D7-A4941F8FF166}.Release|Any CPU.Build.0 = Release|Any CPU
		{75300A3D-4B82-4D5A-9BF3-ADC17CB2B306}.Debug|Any CPU.ActiveCfg = Debug|Any CPU
		{75300A3D-4B82-4D5A-9BF3-ADC17CB2B306}.Debug|Any CPU.Build.0 = Debug|Any CPU
		{75300A3D-4B82-4D5A-9BF3-ADC17CB2B306}.Release|Any CPU.ActiveCfg = Release|Any CPU
		{75300A3D-4B82-4D5A-9BF3-ADC17CB2B306}.Release|Any CPU.Build.0 = Release|Any CPU
		{52AEF89C-52D8-41D4-9A33-14868E4C7D2A}.Debug|Any CPU.ActiveCfg = Debug|Any CPU
		{52AEF89C-52D8-41D4-9A33-14868E4C7D2A}.Debug|Any CPU.Build.0 = Debug|Any CPU
		{52AEF89C-52D8-41D4-9A33-14868E4C7D2A}.Release|Any CPU.ActiveCfg = Release|Any CPU
		{52AEF89C-52D8-41D4-9A33-14868E4C7D2A}.Release|Any CPU.Build.0 = Release|Any CPU
		{B2109A9A-334A-4BD6-8957-A0EE857C508B}.Debug|Any CPU.ActiveCfg = Debug|Any CPU
		{B2109A9A-334A-4BD6-8957-A0EE857C508B}.Debug|Any CPU.Build.0 = Debug|Any CPU
		{B2109A9A-334A-4BD6-8957-A0EE857C508B}.Release|Any CPU.ActiveCfg = Release|Any CPU
		{B2109A9A-334A-4BD6-8957-A0EE857C508B}.Release|Any CPU.Build.0 = Release|Any CPU
		{A34CE975-43FA-4563-B31B-B9B4D3BA497B}.Debug|Any CPU.ActiveCfg = Debug|Any CPU
		{A34CE975-43FA-4563-B31B-B9B4D3BA497B}.Debug|Any CPU.Build.0 = Debug|Any CPU
		{A34CE975-43FA-4563-B31B-B9B4D3BA497B}.Release|Any CPU.ActiveCfg = Release|Any CPU
		{A34CE975-43FA-4563-B31B-B9B4D3BA497B}.Release|Any CPU.Build.0 = Release|Any CPU
	EndGlobalSection
EndGlobal
