
Microsoft Visual Studio Solution File, Format Version 12.00
Project("{2150E333-8FDC-42A3-9474-1A3956D46DE8}") = "API", "API", "{33855D74-2C02-43A9-9FC1-EB4556807B5F}"
EndProject
Project("{2150E333-8FDC-42A3-9474-1A3956D46DE8}") = "Modules", "Modules", "{808D3943-1F88-45D0-BA31-6299C9E9724B}"
EndProject
Project("{2150E333-8FDC-42A3-9474-1A3956D46DE8}") = "Shared", "Shared", "{D43BCD49-F729-44F2-B748-D9A4013C17D6}"
EndProject
Project("{2150E333-8FDC-42A3-9474-1A3956D46DE8}") = "Tests", "Tests", "{95B26FBF-5AEB-43D9-8B2C-4B5E72183288}"
EndProject
Project("{2150E333-8FDC-42A3-9474-1A3956D46DE8}") = "Tests", "Tests", "{34D896DE-0864-441B-B258-595139AAC15B}"
EndProject
Project("{FAE04EC0-301F-11D3-BF4B-00C04F79EFBC}") = "ChangeMe.Shared.Domain", "Shared\Domain\ChangeMe.Shared.Domain.csproj", "{4FD84311-AE8F-4977-B360-1F54A1EBB256}"
EndProject
Project("{2150E333-8FDC-42A3-9474-1A3956D46DE8}") = "Events", "Events", "{3A53337B-FAD1-45D0-BB9F-E0840BE6E1A8}"
EndProject
Project("{2150E333-8FDC-42A3-9474-1A3956D46DE8}") = "Tests", "Tests", "{8CA123DC-D06B-4296-96F0-004CE93CEFA1}"
EndProject
Project("{FAE04EC0-301F-11D3-BF4B-00C04F79EFBC}") = "ChangeMe.Modules.Events.Domain", "Modules\Events\Domain\ChangeMe.Modules.Events.Domain.csproj", "{CA0CB95F-1715-42D1-B34A-055B6758C580}"
EndProject
Global
	GlobalSection(SolutionConfigurationPlatforms) = preSolution
		Debug|Any CPU = Debug|Any CPU
		Release|Any CPU = Release|Any CPU
	EndGlobalSection
	GlobalSection(NestedProjects) = preSolution
		{34D896DE-0864-441B-B258-595139AAC15B} = {D43BCD49-F729-44F2-B748-D9A4013C17D6}
		{4FD84311-AE8F-4977-B360-1F54A1EBB256} = {D43BCD49-F729-44F2-B748-D9A4013C17D6}
		{3A53337B-FAD1-45D0-BB9F-E0840BE6E1A8} = {808D3943-1F88-45D0-BA31-6299C9E9724B}
		{8CA123DC-D06B-4296-96F0-004CE93CEFA1} = {3A53337B-FAD1-45D0-BB9F-E0840BE6E1A8}
		{CA0CB95F-1715-42D1-B34A-055B6758C580} = {3A53337B-FAD1-45D0-BB9F-E0840BE6E1A8}
	EndGlobalSection
	GlobalSection(ProjectConfigurationPlatforms) = postSolution
		{4FD84311-AE8F-4977-B360-1F54A1EBB256}.Debug|Any CPU.ActiveCfg = Debug|Any CPU
		{4FD84311-AE8F-4977-B360-1F54A1EBB256}.Debug|Any CPU.Build.0 = Debug|Any CPU
		{4FD84311-AE8F-4977-B360-1F54A1EBB256}.Release|Any CPU.ActiveCfg = Release|Any CPU
		{4FD84311-AE8F-4977-B360-1F54A1EBB256}.Release|Any CPU.Build.0 = Release|Any CPU
		{CA0CB95F-1715-42D1-B34A-055B6758C580}.Debug|Any CPU.ActiveCfg = Debug|Any CPU
		{CA0CB95F-1715-42D1-B34A-055B6758C580}.Debug|Any CPU.Build.0 = Debug|Any CPU
		{CA0CB95F-1715-42D1-B34A-055B6758C580}.Release|Any CPU.ActiveCfg = Release|Any CPU
		{CA0CB95F-1715-42D1-B34A-055B6758C580}.Release|Any CPU.Build.0 = Release|Any CPU
	EndGlobalSection
EndGlobal
